
Microsoft Visual Studio Solution File, Format Version 12.00
# Visual Studio Version 16
VisualStudioVersion = 16.0.31729.503
MinimumVisualStudioVersion = 10.0.40219.1
Project("{FAE04EC0-301F-11D3-BF4B-00C04F79EFBC}") = "WebApplication7", "WebApplication7\WebApplication7.csproj", "{AB44D430-C5EA-433F-9978-390BC8025822}"
EndProject
Global
	GlobalSection(SolutionConfigurationPlatforms) = preSolution
		Debug|Any CPU = Debug|Any CPU
		Release|Any CPU = Release|Any CPU
	EndGlobalSection
	GlobalSection(ProjectConfigurationPlatforms) = postSolution
		{AB44D430-C5EA-433F-9978-390BC8025822}.Debug|Any CPU.ActiveCfg = Debug|Any CPU
		{AB44D430-C5EA-433F-9978-390BC8025822}.Debug|Any CPU.Build.0 = Debug|Any CPU
		{AB44D430-C5EA-433F-9978-390BC8025822}.Release|Any CPU.ActiveCfg = Release|Any CPU
		{AB44D430-C5EA-433F-9978-390BC8025822}.Release|Any CPU.Build.0 = Release|Any CPU
	EndGlobalSection
	GlobalSection(SolutionProperties) = preSolution
		HideSolutionNode = FALSE
	EndGlobalSection
	GlobalSection(ExtensibilityGlobals) = postSolution
		SolutionGuid = {18FE9F08-F1B4-4D0B-927B-8999BDD4CA44}
	EndGlobalSection
EndGlobal
